{
  "name": "thrpy-parser",
  "version": "0.1.3",
  "lockfileVersion": 3,
  "requires": true,
  "packages": {
    "": {
      "name": "thrpy-parser",
      "version": "0.1.3",
      "license": "Apache-2.0",
      "dependencies": {
        "dayjs": "^1.11.10",
        "kaitai-struct": "^0.10.0",
        "thrpy-decode": "^0.1.8"
      }
    },
    "node_modules/dayjs": {
      "version": "1.11.10",
      "resolved": "https://registry.npmjs.org/dayjs/-/dayjs-1.11.10.tgz",
      "integrity": "sha512-vjAczensTgRcqDERK0SR2XMwsF/tSvnvlv6VcF2GIhg6Sx4yOIt/irsr1RDJsKiIyBzJDpCoXiWWq28MqH2cnQ=="
    },
    "node_modules/kaitai-struct": {
      "version": "0.10.0",
      "resolved": "https://registry.npmjs.org/kaitai-struct/-/kaitai-struct-0.10.0.tgz",
      "integrity": "sha512-81oxVi/OY+LrzgrONX7ciD1wtvq24nb2M9iYixRiQG+1hrDrDRqFVWuQzF1fUexh3Sg/ol6eMAz1MOVYFouzUg=="
    },
    "node_modules/node-addon-api": {
      "version": "7.0.0",
      "resolved": "https://registry.npmjs.org/node-addon-api/-/node-addon-api-7.0.0.tgz",
      "integrity": "sha512-vgbBJTS4m5/KkE16t5Ly0WW9hz46swAstv0hYYwMtbG7AznRhNyfLRe8HZAiWIpcHzoO7HxhLuBQj9rJ/Ho0ZA=="
    },
    "node_modules/thrpy-decode": {
      "version": "0.1.8",
      "resolved": "https://registry.npmjs.org/thrpy-decode/-/thrpy-decode-0.1.8.tgz",
      "integrity": "sha512-jB6hjuunDB2aADSoWiRKziPELV19fLl1r/Vg6fSDrO8iDQXgaGuaySREF40Wt7GCIsHuOb6K3YP9iAzHR/PQiQ==",
      "hasInstallScript": true,
      "dependencies": {
        "node-addon-api": "^7.0.0"
      }
    }
  }
}
